{
  "version": 4,
  "terraform_version": "1.9.4",
  "serial": 49,
  "lineage": "47bc541b-26fc-c9cf-7921-dcb6358f31c5",
  "outputs": {},
  "resources": [
    {
      "mode": "managed",
      "type": "google_artifact_registry_repository",
      "name": "console_log_example_repository",
      "provider": "provider[\"registry.terraform.io/hashicorp/google\"]",
      "instances": [
        {
          "schema_version": 0,
          "attributes": {
            "cleanup_policies": [],
            "cleanup_policy_dry_run": false,
            "create_time": "2024-08-12T02:54:03.880158Z",
            "description": "",
            "docker_config": [],
            "effective_labels": {},
            "format": "DOCKER",
            "id": "projects/suburi-432020/locations/asia-northeast1/repositories/console-log-example",
            "kms_key_name": "",
            "labels": {},
            "location": "asia-northeast1",
            "maven_config": [],
            "mode": "STANDARD_REPOSITORY",
            "name": "console-log-example",
            "project": "suburi-432020",
            "remote_repository_config": [],
            "repository_id": "console-log-example",
            "terraform_labels": {},
            "timeouts": null,
            "update_time": "2024-08-12T03:49:57.892600Z",
            "virtual_repository_config": []
          },
          "sensitive_attributes": [],
          "private": "eyJlMmJmYjczMC1lY2FhLTExZTYtOGY4OC0zNDM2M2JjN2M0YzAiOnsiY3JlYXRlIjoxMjAwMDAwMDAwMDAwLCJkZWxldGUiOjEyMDAwMDAwMDAwMDAsInVwZGF0ZSI6MTIwMDAwMDAwMDAwMH19"
        }
      ]
    },
    {
      "mode": "managed",
      "type": "google_cloud_run_v2_service",
      "name": "console_log_example_cloud_run_service",
      "provider": "provider[\"registry.terraform.io/hashicorp/google\"]",
      "instances": [
        {
          "schema_version": 0,
          "attributes": {
            "annotations": {},
            "binary_authorization": [],
            "client": "",
            "client_version": "",
            "conditions": [
              {
                "execution_reason": "",
                "last_transition_time": "2024-08-12T03:33:43.078781Z",
                "message": "",
                "reason": "",
                "revision_reason": "",
                "severity": "",
                "state": "CONDITION_SUCCEEDED",
                "type": "RoutesReady"
              },
              {
                "execution_reason": "",
                "last_transition_time": "2024-08-12T02:57:04.197877Z",
                "message": "",
                "reason": "",
                "revision_reason": "",
                "severity": "",
                "state": "CONDITION_SUCCEEDED",
                "type": "ConfigurationsReady"
              }
            ],
            "create_time": "2024-08-12T02:57:04.130290Z",
            "creator": "maroon8021@gmail.com",
            "custom_audiences": [],
            "delete_time": "",
            "description": "",
            "effective_annotations": {},
            "effective_labels": {},
            "etag": "\"CIuF5rUGEKju_-QC/cHJvamVjdHMvc3VidXJpLTQzMjAyMC9sb2NhdGlvbnMvYXNpYS1ub3J0aGVhc3QxL3NlcnZpY2VzL2NvbnNvbGUtbG9nLWV4YW1wbGU\"",
            "expire_time": "",
            "generation": "2",
            "id": "projects/suburi-432020/locations/asia-northeast1/services/console-log-example",
            "ingress": "INGRESS_TRAFFIC_ALL",
            "labels": {},
            "last_modifier": "maroon8021@gmail.com",
            "latest_created_revision": "projects/suburi-432020/locations/asia-northeast1/services/console-log-example/revisions/console-log-example-00002-psm",
            "latest_ready_revision": "projects/suburi-432020/locations/asia-northeast1/services/console-log-example/revisions/console-log-example-00002-psm",
            "launch_stage": "GA",
            "location": "asia-northeast1",
            "name": "console-log-example",
            "observed_generation": "2",
            "project": "suburi-432020",
            "reconciling": false,
            "template": [
              {
                "annotations": {},
                "containers": [
                  {
                    "args": [],
                    "command": [],
                    "depends_on": [],
                    "env": [],
                    "image": "asia-northeast1-docker.pkg.dev/suburi-432020/console-log-example/init:latest",
                    "liveness_probe": [],
                    "name": "",
                    "ports": [
                      {
                        "container_port": 8080,
                        "name": "http1"
                      }
                    ],
                    "resources": [
                      {
                        "cpu_idle": true,
                        "limits": {
                          "cpu": "1000m",
                          "memory": "512Mi"
                        },
                        "startup_cpu_boost": false
                      }
                    ],
                    "startup_probe": [
                      {
                        "failure_threshold": 1,
                        "grpc": [],
                        "http_get": [],
                        "initial_delay_seconds": 0,
                        "period_seconds": 240,
                        "tcp_socket": [
                          {
                            "port": 8080
                          }
                        ],
                        "timeout_seconds": 240
                      }
                    ],
                    "volume_mounts": [],
                    "working_dir": ""
                  }
                ],
                "encryption_key": "",
                "execution_environment": "",
                "labels": {},
                "max_instance_request_concurrency": 80,
                "revision": "",
                "scaling": [
                  {
                    "max_instance_count": 1,
                    "min_instance_count": 0
                  }
                ],
                "service_account": "451839750469-compute@developer.gserviceaccount.com",
                "session_affinity": false,
                "timeout": "300s",
                "volumes": [],
                "vpc_access": []
              }
            ],
            "terminal_condition": [
              {
                "execution_reason": "",
                "last_transition_time": "2024-08-12T03:33:43.109551Z",
                "message": "",
                "reason": "",
                "revision_reason": "",
                "severity": "",
                "state": "CONDITION_SUCCEEDED",
                "type": "Ready"
              }
            ],
            "terraform_labels": {},
            "timeouts": null,
            "traffic": [
              {
                "percent": 100,
                "revision": "",
                "tag": "",
                "type": "TRAFFIC_TARGET_ALLOCATION_TYPE_LATEST"
              }
            ],
            "traffic_statuses": [
              {
                "percent": 100,
                "revision": "",
                "tag": "",
                "type": "TRAFFIC_TARGET_ALLOCATION_TYPE_LATEST",
                "uri": ""
              }
            ],
            "uid": "6c479fe1-9c91-4058-a0e8-1528362f234b",
            "update_time": "2024-08-12T03:33:31.748681Z",
            "uri": "https://console-log-example-gzjop4zaiq-an.a.run.app"
          },
          "sensitive_attributes": [],
          "private": "eyJlMmJmYjczMC1lY2FhLTExZTYtOGY4OC0zNDM2M2JjN2M0YzAiOnsiY3JlYXRlIjoxMjAwMDAwMDAwMDAwLCJkZWxldGUiOjEyMDAwMDAwMDAwMDAsInVwZGF0ZSI6MTIwMDAwMDAwMDAwMH19",
          "dependencies": [
            "google_artifact_registry_repository.console_log_example_repository"
          ]
        }
      ]
    },
    {
      "mode": "managed",
      "type": "google_cloud_run_v2_service_iam_member",
      "name": "console_log_example_cloud_run_service_iam_member",
      "provider": "provider[\"registry.terraform.io/hashicorp/google\"]",
      "instances": [
        {
          "schema_version": 0,
          "attributes": {
            "condition": [],
            "etag": "BwYfc6cXV1I=",
            "id": "projects/suburi-432020/locations/asia-northeast1/services/console-log-example/roles/run.invoker/allUsers",
            "location": "asia-northeast1",
            "member": "allUsers",
            "name": "projects/suburi-432020/locations/asia-northeast1/services/console-log-example",
            "project": "suburi-432020",
            "role": "roles/run.invoker"
          },
          "sensitive_attributes": [],
          "private": "bnVsbA==",
          "dependencies": [
            "google_artifact_registry_repository.console_log_example_repository",
            "google_cloud_run_v2_service.console_log_example_cloud_run_service"
          ]
        }
      ]
    }
  ],
  "check_results": null
}
